
Microsoft Visual Studio Solution File, Format Version 12.00
# Visual Studio 15
VisualStudioVersion = 15.0.28307.572
MinimumVisualStudioVersion = 10.0.40219.1
Project("{8BC9CEB8-8B4A-11D0-8D11-00A0C91BC942}") = "PCIBan", "PCIBan\PCIBan.vcxproj", "{ED726B72-C3C8-4092-8350-ADA43CA1CBE0}"
EndProject
Global
	GlobalSection(SolutionConfigurationPlatforms) = preSolution
		Debug|ARM = Debug|ARM
		Debug|ARM64 = Debug|ARM64
		Debug|x64 = Debug|x64
		Debug|x86 = Debug|x86
		Release|ARM = Release|ARM
		Release|ARM64 = Release|ARM64
		Release|x64 = Release|x64
		Release|x86 = Release|x86
		VM|ARM = VM|ARM
		VM|ARM64 = VM|ARM64
		VM|x64 = VM|x64
		VM|x86 = VM|x86
	EndGlobalSection
	GlobalSection(ProjectConfigurationPlatforms) = postSolution
		{ED726B72-C3C8-4092-8350-ADA43CA1CBE0}.Debug|ARM.ActiveCfg = Debug|ARM
		{ED726B72-C3C8-4092-8350-ADA43CA1CBE0}.Debug|ARM.Build.0 = Debug|ARM
		{ED726B72-C3C8-4092-8350-ADA43CA1CBE0}.Debug|ARM.Deploy.0 = Debug|ARM
		{ED726B72-C3C8-4092-8350-ADA43CA1CBE0}.Debug|ARM64.ActiveCfg = Debug|ARM64
		{ED726B72-C3C8-4092-8350-ADA43CA1CBE0}.Debug|ARM64.Build.0 = Debug|ARM64
		{ED726B72-C3C8-4092-8350-ADA43CA1CBE0}.Debug|ARM64.Deploy.0 = Debug|ARM64
		{ED726B72-C3C8-4092-8350-ADA43CA1CBE0}.Debug|x64.ActiveCfg = Debug|x64
		{ED726B72-C3C8-4092-8350-ADA43CA1CBE0}.Debug|x64.Build.0 = Debug|x64
		{ED726B72-C3C8-4092-8350-ADA43CA1CBE0}.Debug|x64.Deploy.0 = Debug|x64
		{ED726B72-C3C8-4092-8350-ADA43CA1CBE0}.Debug|x86.ActiveCfg = Debug|Win32
		{ED726B72-C3C8-4092-8350-ADA43CA1CBE0}.Debug|x86.Build.0 = Debug|Win32
		{ED726B72-C3C8-4092-8350-ADA43CA1CBE0}.Debug|x86.Deploy.0 = Debug|Win32
		{ED726B72-C3C8-4092-8350-ADA43CA1CBE0}.Release|ARM.ActiveCfg = Release|ARM
		{ED726B72-C3C8-4092-8350-ADA43CA1CBE0}.Release|ARM.Build.0 = Release|ARM
		{ED726B72-C3C8-4092-8350-ADA43CA1CBE0}.Release|ARM.Deploy.0 = Release|ARM
		{ED726B72-C3C8-4092-8350-ADA43CA1CBE0}.Release|ARM64.ActiveCfg = Release|ARM64
		{ED726B72-C3C8-4092-8350-ADA43CA1CBE0}.Release|ARM64.Build.0 = Release|ARM64
		{ED726B72-C3C8-4092-8350-ADA43CA1CBE0}.Release|ARM64.Deploy.0 = Release|ARM64
		{ED726B72-C3C8-4092-8350-ADA43CA1CBE0}.Release|x64.ActiveCfg = Release|x64
		{ED726B72-C3C8-4092-8350-ADA43CA1CBE0}.Release|x64.Build.0 = Release|x64
		{ED726B72-C3C8-4092-8350-ADA43CA1CBE0}.Release|x64.Deploy.0 = Release|x64
		{ED726B72-C3C8-4092-8350-ADA43CA1CBE0}.Release|x86.ActiveCfg = Release|Win32
		{ED726B72-C3C8-4092-8350-ADA43CA1CBE0}.Release|x86.Build.0 = Release|Win32
		{ED726B72-C3C8-4092-8350-ADA43CA1CBE0}.Release|x86.Deploy.0 = Release|Win32
		{ED726B72-C3C8-4092-8350-ADA43CA1CBE0}.VM|ARM.ActiveCfg = VM|ARM
		{ED726B72-C3C8-4092-8350-ADA43CA1CBE0}.VM|ARM.Build.0 = VM|ARM
		{ED726B72-C3C8-4092-8350-ADA43CA1CBE0}.VM|ARM.Deploy.0 = VM|ARM
		{ED726B72-C3C8-4092-8350-ADA43CA1CBE0}.VM|ARM64.ActiveCfg = VM|ARM64
		{ED726B72-C3C8-4092-8350-ADA43CA1CBE0}.VM|ARM64.Build.0 = VM|ARM64
		{ED726B72-C3C8-4092-8350-ADA43CA1CBE0}.VM|ARM64.Deploy.0 = VM|ARM64
		{ED726B72-C3C8-4092-8350-ADA43CA1CBE0}.VM|x64.ActiveCfg = VM|x64
		{ED726B72-C3C8-4092-8350-ADA43CA1CBE0}.VM|x64.Build.0 = VM|x64
		{ED726B72-C3C8-4092-8350-ADA43CA1CBE0}.VM|x64.Deploy.0 = VM|x64
		{ED726B72-C3C8-4092-8350-ADA43CA1CBE0}.VM|x86.ActiveCfg = VM|Win32
		{ED726B72-C3C8-4092-8350-ADA43CA1CBE0}.VM|x86.Build.0 = VM|Win32
		{ED726B72-C3C8-4092-8350-ADA43CA1CBE0}.VM|x86.Deploy.0 = VM|Win32
	EndGlobalSection
	GlobalSection(SolutionProperties) = preSolution
		HideSolutionNode = FALSE
	EndGlobalSection
	GlobalSection(ExtensibilityGlobals) = postSolution
		SolutionGuid = {659F69D0-9B0A-4DCC-98C0-B22C313085EB}
	EndGlobalSection
EndGlobal
